
Microsoft Visual Studio Solution File, Format Version 12.00
# Visual Studio Version 17
VisualStudioVersion = 17.10.35122.118
MinimumVisualStudioVersion = 10.0.40219.1
Project("{9A19103F-16F7-4668-BE54-9A1E7A4F7556}") = "Web-API", "Web-API\Web-API.csproj", "{1A963D40-27F8-4CA5-9A40-F429B6DED83A}"
EndProject
Project("{2150E333-8FDC-42A3-9474-1A3956D46DE8}") = "Solution Items", "Solution Items", "{334AF5AE-BCBA-4387-B7BE-AF577B1156C1}"
	ProjectSection(SolutionItems) = preProject
		.editorconfig = .editorconfig
	EndProjectSection
EndProject
Project("{FAE04EC0-301F-11D3-BF4B-00C04F79EFBC}") = "AppTest", "..\AppTest\AppTest.csproj", "{882D91FB-26D9-4397-86C4-745F034BE72F}"
EndProject
Global
	GlobalSection(SolutionConfigurationPlatforms) = preSolution
		Debug|Any CPU = Debug|Any CPU
		Release|Any CPU = Release|Any CPU
	EndGlobalSection
	GlobalSection(ProjectConfigurationPlatforms) = postSolution
		{1A963D40-27F8-4CA5-9A40-F429B6DED83A}.Debug|Any CPU.ActiveCfg = Debug|Any CPU
		{1A963D40-27F8-4CA5-9A40-F429B6DED83A}.Debug|Any CPU.Build.0 = Debug|Any CPU
		{1A963D40-27F8-4CA5-9A40-F429B6DED83A}.Release|Any CPU.ActiveCfg = Release|Any CPU
		{1A963D40-27F8-4CA5-9A40-F429B6DED83A}.Release|Any CPU.Build.0 = Release|Any CPU
		{882D91FB-26D9-4397-86C4-745F034BE72F}.Debug|Any CPU.ActiveCfg = Debug|Any CPU
		{882D91FB-26D9-4397-86C4-745F034BE72F}.Debug|Any CPU.Build.0 = Debug|Any CPU
		{882D91FB-26D9-4397-86C4-745F034BE72F}.Release|Any CPU.ActiveCfg = Release|Any CPU
		{882D91FB-26D9-4397-86C4-745F034BE72F}.Release|Any CPU.Build.0 = Release|Any CPU
	EndGlobalSection
	GlobalSection(SolutionProperties) = preSolution
		HideSolutionNode = FALSE
	EndGlobalSection
	GlobalSection(ExtensibilityGlobals) = postSolution
		SolutionGuid = {2F78E5A0-FA71-44BE-8587-42AE2A83B5A4}
	EndGlobalSection
EndGlobal
